
Microsoft Visual Studio Solution File, Format Version 12.00
# Visual Studio Version 17
VisualStudioVersion = 17.0.31903.59
MinimumVisualStudioVersion = 10.0.40219.1
Project("{2150E333-8FDC-42A3-9474-1A3956D46DE8}") = "src", "src", "{827E0CD3-B72D-47B6-A68D-7590B98EB39B}"
EndProject
Project("{FAE04EC0-301F-11D3-BF4B-00C04F79EFBC}") = "NoGaReader", "src\NoGaReader\NoGaReader.csproj", "{BA5F4B24-7FE5-4A18-938B-D9DABBC487E9}"
EndProject
Project("{FAE04EC0-301F-11D3-BF4B-00C04F79EFBC}") = "NoGaReader.Core", "src\NoGaReader.Core\NoGaReader.Core.csproj", "{56AD52D4-F61A-41B0-AECE-B9A3F8922A80}"
EndProject
Project("{2150E333-8FDC-42A3-9474-1A3956D46DE8}") = "tests", "tests", "{0AB3BF05-4346-4AA6-1389-037BE0695223}"
EndProject
Project("{FAE04EC0-301F-11D3-BF4B-00C04F79EFBC}") = "NoGaReader.Smoke", "tests\NoGaReader.Smoke\NoGaReader.Smoke.csproj", "{2FA00403-9659-47BE-83E5-4F1FD0535D15}"
EndProject
Project("{FAE04EC0-301F-11D3-BF4B-00C04F79EFBC}") = "NoGaReader.Mobile", "src\NoGaReader.Mobile\NoGaReader.Mobile.csproj", "{7FCAB955-28CB-4677-BF1F-0BDB840E7876}"
EndProject
Global
	GlobalSection(SolutionConfigurationPlatforms) = preSolution
		Debug|Any CPU = Debug|Any CPU
		Debug|x64 = Debug|x64
		Debug|x86 = Debug|x86
		Release|Any CPU = Release|Any CPU
		Release|x64 = Release|x64
		Release|x86 = Release|x86
	EndGlobalSection
	GlobalSection(ProjectConfigurationPlatforms) = postSolution
		{BA5F4B24-7FE5-4A18-938B-D9DABBC487E9}.Debug|Any CPU.ActiveCfg = Debug|Any CPU
		{BA5F4B24-7FE5-4A18-938B-D9DABBC487E9}.Debug|Any CPU.Build.0 = Debug|Any CPU
		{BA5F4B24-7FE5-4A18-938B-D9DABBC487E9}.Debug|x64.ActiveCfg = Debug|Any CPU
		{BA5F4B24-7FE5-4A18-938B-D9DABBC487E9}.Debug|x64.Build.0 = Debug|Any CPU
		{BA5F4B24-7FE5-4A18-938B-D9DABBC487E9}.Debug|x86.ActiveCfg = Debug|Any CPU
		{BA5F4B24-7FE5-4A18-938B-D9DABBC487E9}.Debug|x86.Build.0 = Debug|Any CPU
		{BA5F4B24-7FE5-4A18-938B-D9DABBC487E9}.Release|Any CPU.ActiveCfg = Release|Any CPU
		{BA5F4B24-7FE5-4A18-938B-D9DABBC487E9}.Release|Any CPU.Build.0 = Release|Any CPU
		{BA5F4B24-7FE5-4A18-938B-D9DABBC487E9}.Release|x64.ActiveCfg = Release|Any CPU
		{BA5F4B24-7FE5-4A18-938B-D9DABBC487E9}.Release|x64.Build.0 = Release|Any CPU
		{BA5F4B24-7FE5-4A18-938B-D9DABBC487E9}.Release|x86.ActiveCfg = Release|Any CPU
		{BA5F4B24-7FE5-4A18-938B-D9DABBC487E9}.Release|x86.Build.0 = Release|Any CPU
		{56AD52D4-F61A-41B0-AECE-B9A3F8922A80}.Debug|Any CPU.ActiveCfg = Debug|Any CPU
		{56AD52D4-F61A-41B0-AECE-B9A3F8922A80}.Debug|Any CPU.Build.0 = Debug|Any CPU
		{56AD52D4-F61A-41B0-AECE-B9A3F8922A80}.Debug|x64.ActiveCfg = Debug|Any CPU
		{56AD52D4-F61A-41B0-AECE-B9A3F8922A80}.Debug|x64.Build.0 = Debug|Any CPU
		{56AD52D4-F61A-41B0-AECE-B9A3F8922A80}.Debug|x86.ActiveCfg = Debug|Any CPU
		{56AD52D4-F61A-41B0-AECE-B9A3F8922A80}.Debug|x86.Build.0 = Debug|Any CPU
		{56AD52D4-F61A-41B0-AECE-B9A3F8922A80}.Release|Any CPU.ActiveCfg = Release|Any CPU
		{56AD52D4-F61A-41B0-AECE-B9A3F8922A80}.Release|Any CPU.Build.0 = Release|Any CPU
		{56AD52D4-F61A-41B0-AECE-B9A3F8922A80}.Release|x64.ActiveCfg = Release|Any CPU
		{56AD52D4-F61A-41B0-AECE-B9A3F8922A80}.Release|x64.Build.0 = Release|Any CPU
		{56AD52D4-F61A-41B0-AECE-B9A3F8922A80}.Release|x86.ActiveCfg = Release|Any CPU
		{56AD52D4-F61A-41B0-AECE-B9A3F8922A80}.Release|x86.Build.0 = Release|Any CPU
		{2FA00403-9659-47BE-83E5-4F1FD0535D15}.Debug|Any CPU.ActiveCfg = Debug|Any CPU
		{2FA00403-9659-47BE-83E5-4F1FD0535D15}.Debug|Any CPU.Build.0 = Debug|Any CPU
		{2FA00403-9659-47BE-83E5-4F1FD0535D15}.Debug|x64.ActiveCfg = Debug|Any CPU
		{2FA00403-9659-47BE-83E5-4F1FD0535D15}.Debug|x64.Build.0 = Debug|Any CPU
		{2FA00403-9659-47BE-83E5-4F1FD0535D15}.Debug|x86.ActiveCfg = Debug|Any CPU
		{2FA00403-9659-47BE-83E5-4F1FD0535D15}.Debug|x86.Build.0 = Debug|Any CPU
		{2FA00403-9659-47BE-83E5-4F1FD0535D15}.Release|Any CPU.ActiveCfg = Release|Any CPU
		{2FA00403-9659-47BE-83E5-4F1FD0535D15}.Release|Any CPU.Build.0 = Release|Any CPU
		{2FA00403-9659-47BE-83E5-4F1FD0535D15}.Release|x64.ActiveCfg = Release|Any CPU
		{2FA00403-9659-47BE-83E5-4F1FD0535D15}.Release|x64.Build.0 = Release|Any CPU
		{2FA00403-9659-47BE-83E5-4F1FD0535D15}.Release|x86.ActiveCfg = Release|Any CPU
		{2FA00403-9659-47BE-83E5-4F1FD0535D15}.Release|x86.Build.0 = Release|Any CPU
		{7FCAB955-28CB-4677-BF1F-0BDB840E7876}.Debug|Any CPU.ActiveCfg = Debug|Any CPU
		{7FCAB955-28CB-4677-BF1F-0BDB840E7876}.Debug|Any CPU.Build.0 = Debug|Any CPU
		{7FCAB955-28CB-4677-BF1F-0BDB840E7876}.Debug|x64.ActiveCfg = Debug|Any CPU
		{7FCAB955-28CB-4677-BF1F-0BDB840E7876}.Debug|x64.Build.0 = Debug|Any CPU
		{7FCAB955-28CB-4677-BF1F-0BDB840E7876}.Debug|x86.ActiveCfg = Debug|Any CPU
		{7FCAB955-28CB-4677-BF1F-0BDB840E7876}.Debug|x86.Build.0 = Debug|Any CPU
		{7FCAB955-28CB-4677-BF1F-0BDB840E7876}.Release|Any CPU.ActiveCfg = Release|Any CPU
		{7FCAB955-28CB-4677-BF1F-0BDB840E7876}.Release|Any CPU.Build.0 = Release|Any CPU
		{7FCAB955-28CB-4677-BF1F-0BDB840E7876}.Release|x64.ActiveCfg = Release|Any CPU
		{7FCAB955-28CB-4677-BF1F-0BDB840E7876}.Release|x64.Build.0 = Release|Any CPU
		{7FCAB955-28CB-4677-BF1F-0BDB840E7876}.Release|x86.ActiveCfg = Release|Any CPU
		{7FCAB955-28CB-4677-BF1F-0BDB840E7876}.Release|x86.Build.0 = Release|Any CPU
	EndGlobalSection
	GlobalSection(SolutionProperties) = preSolution
		HideSolutionNode = FALSE
	EndGlobalSection
	GlobalSection(NestedProjects) = preSolution
		{BA5F4B24-7FE5-4A18-938B-D9DABBC487E9} = {827E0CD3-B72D-47B6-A68D-7590B98EB39B}
		{56AD52D4-F61A-41B0-AECE-B9A3F8922A80} = {827E0CD3-B72D-47B6-A68D-7590B98EB39B}
		{2FA00403-9659-47BE-83E5-4F1FD0535D15} = {0AB3BF05-4346-4AA6-1389-037BE0695223}
		{7FCAB955-28CB-4677-BF1F-0BDB840E7876} = {827E0CD3-B72D-47B6-A68D-7590B98EB39B}
	EndGlobalSection
EndGlobal
